
Microsoft Visual Studio Solution File, Format Version 12.00
Project("{FAE04EC0-301F-11D3-BF4B-00C04F79EFBC}") = "Voting", "Voting\Voting.csproj", "{95B59842-52B4-4336-98FA-013017DD937B}"
EndProject
Project("{FAE04EC0-301F-11D3-BF4B-00C04F79EFBC}") = "Voting.ServiceContracts", "Voting.ServiceContracts\Voting.ServiceContracts.csproj", "{CFA685B1-081F-49AB-B0EA-5DE765C70D51}"
EndProject
Project("{FAE04EC0-301F-11D3-BF4B-00C04F79EFBC}") = "VotingUnitTest", "VotingUnitTest\VotingUnitTest.csproj", "{0FA1B06D-8FE2-4CAB-B7EC-61D669B4EA89}"
EndProject
Project("{FAE04EC0-301F-11D3-BF4B-00C04F79EFBC}") = "Voting.Services", "Voting.Services\Voting.Services.csproj", "{7DF2CEEC-DEE5-4CEB-9A21-452EB09C8724}"
EndProject
Project("{FAE04EC0-301F-11D3-BF4B-00C04F79EFBC}") = "CandidateServiceUnitTests", "CandidateServiceUnitTests\CandidateServiceUnitTests.csproj", "{DC52CC85-3519-423D-ABBC-A0A73B8A6D73}"
EndProject
Project("{FAE04EC0-301F-11D3-BF4B-00C04F79EFBC}") = "CandidateRepositoryUnitTests", "CandidateRepositoryUnitTests\CandidateRepositoryUnitTests.csproj", "{78A57662-6980-42AE-81DC-8927A0A93D30}"
EndProject
Project("{FAE04EC0-301F-11D3-BF4B-00C04F79EFBC}") = "Voting.Repositories", "Voting.Repositories\Voting.Repositories.csproj", "{BC203CFD-30A0-4092-81C5-4582AAAA4968}"
EndProject
Project("{FAE04EC0-301F-11D3-BF4B-00C04F79EFBC}") = "UnitTestDbContextOptionProvider", "UnitTestDbContextOptionProvider\UnitTestDbContextOptionProvider.csproj", "{C7264294-0D66-482D-974F-2FC0F079976B}"
EndProject
Project("{FAE04EC0-301F-11D3-BF4B-00C04F79EFBC}") = "ElectionServiceUnitTests", "ElectionServiceUnitTests\ElectionServiceUnitTests.csproj", "{9E2ACB5D-76EC-4F09-9D62-1934737DB803}"
EndProject
Project("{2150E333-8FDC-42A3-9474-1A3956D46DE8}") = "App", "App", "{2E01EF8E-5662-41CC-9B8B-9625D8A85F38}"
EndProject
Project("{2150E333-8FDC-42A3-9474-1A3956D46DE8}") = "UnitTests", "UnitTests", "{C0489172-A161-4A73-8909-4CA9A5C7C502}"
EndProject
Project("{FAE04EC0-301F-11D3-BF4B-00C04F79EFBC}") = "BallotServiceUnitTests", "BallotServiceUnitTests\BallotServiceUnitTests.csproj", "{4272D979-BF6A-4958-B18C-FB260FD46E19}"
EndProject
Project("{FAE04EC0-301F-11D3-BF4B-00C04F79EFBC}") = "Voting.TemplateLoaders", "Voting.TemplateLoaders\Voting.TemplateLoaders.csproj", "{27A2C629-6A73-4279-93B8-4C831DFA51A8}"
EndProject
Project("{FAE04EC0-301F-11D3-BF4B-00C04F79EFBC}") = "BallotCandidateServiceUnitTests", "BallotCandidateServiceUnitTests\BallotCandidateServiceUnitTests.csproj", "{83F8D151-4B14-4385-A7B6-62E7A6160091}"
EndProject
Project("{FAE04EC0-301F-11D3-BF4B-00C04F79EFBC}") = "Specifications", "Specifications\Specifications.csproj", "{3FF5902B-D31E-4F78-AFF4-3A4F346FCD10}"
EndProject
Global
	GlobalSection(SolutionConfigurationPlatforms) = preSolution
		Debug|Any CPU = Debug|Any CPU
		Release|Any CPU = Release|Any CPU
	EndGlobalSection
	GlobalSection(ProjectConfigurationPlatforms) = postSolution
		{95B59842-52B4-4336-98FA-013017DD937B}.Debug|Any CPU.ActiveCfg = Debug|Any CPU
		{95B59842-52B4-4336-98FA-013017DD937B}.Debug|Any CPU.Build.0 = Debug|Any CPU
		{95B59842-52B4-4336-98FA-013017DD937B}.Release|Any CPU.ActiveCfg = Release|Any CPU
		{95B59842-52B4-4336-98FA-013017DD937B}.Release|Any CPU.Build.0 = Release|Any CPU
		{CFA685B1-081F-49AB-B0EA-5DE765C70D51}.Debug|Any CPU.ActiveCfg = Debug|Any CPU
		{CFA685B1-081F-49AB-B0EA-5DE765C70D51}.Debug|Any CPU.Build.0 = Debug|Any CPU
		{CFA685B1-081F-49AB-B0EA-5DE765C70D51}.Release|Any CPU.ActiveCfg = Release|Any CPU
		{CFA685B1-081F-49AB-B0EA-5DE765C70D51}.Release|Any CPU.Build.0 = Release|Any CPU
		{0FA1B06D-8FE2-4CAB-B7EC-61D669B4EA89}.Debug|Any CPU.ActiveCfg = Debug|Any CPU
		{0FA1B06D-8FE2-4CAB-B7EC-61D669B4EA89}.Debug|Any CPU.Build.0 = Debug|Any CPU
		{0FA1B06D-8FE2-4CAB-B7EC-61D669B4EA89}.Release|Any CPU.ActiveCfg = Release|Any CPU
		{0FA1B06D-8FE2-4CAB-B7EC-61D669B4EA89}.Release|Any CPU.Build.0 = Release|Any CPU
		{7DF2CEEC-DEE5-4CEB-9A21-452EB09C8724}.Debug|Any CPU.ActiveCfg = Debug|Any CPU
		{7DF2CEEC-DEE5-4CEB-9A21-452EB09C8724}.Debug|Any CPU.Build.0 = Debug|Any CPU
		{7DF2CEEC-DEE5-4CEB-9A21-452EB09C8724}.Release|Any CPU.ActiveCfg = Release|Any CPU
		{7DF2CEEC-DEE5-4CEB-9A21-452EB09C8724}.Release|Any CPU.Build.0 = Release|Any CPU
		{DC52CC85-3519-423D-ABBC-A0A73B8A6D73}.Debug|Any CPU.ActiveCfg = Debug|Any CPU
		{DC52CC85-3519-423D-ABBC-A0A73B8A6D73}.Debug|Any CPU.Build.0 = Debug|Any CPU
		{DC52CC85-3519-423D-ABBC-A0A73B8A6D73}.Release|Any CPU.ActiveCfg = Release|Any CPU
		{DC52CC85-3519-423D-ABBC-A0A73B8A6D73}.Release|Any CPU.Build.0 = Release|Any CPU
		{78A57662-6980-42AE-81DC-8927A0A93D30}.Debug|Any CPU.ActiveCfg = Debug|Any CPU
		{78A57662-6980-42AE-81DC-8927A0A93D30}.Debug|Any CPU.Build.0 = Debug|Any CPU
		{78A57662-6980-42AE-81DC-8927A0A93D30}.Release|Any CPU.ActiveCfg = Release|Any CPU
		{78A57662-6980-42AE-81DC-8927A0A93D30}.Release|Any CPU.Build.0 = Release|Any CPU
		{BC203CFD-30A0-4092-81C5-4582AAAA4968}.Debug|Any CPU.ActiveCfg = Debug|Any CPU
		{BC203CFD-30A0-4092-81C5-4582AAAA4968}.Debug|Any CPU.Build.0 = Debug|Any CPU
		{BC203CFD-30A0-4092-81C5-4582AAAA4968}.Release|Any CPU.ActiveCfg = Release|Any CPU
		{BC203CFD-30A0-4092-81C5-4582AAAA4968}.Release|Any CPU.Build.0 = Release|Any CPU
		{C7264294-0D66-482D-974F-2FC0F079976B}.Debug|Any CPU.ActiveCfg = Debug|Any CPU
		{C7264294-0D66-482D-974F-2FC0F079976B}.Debug|Any CPU.Build.0 = Debug|Any CPU
		{C7264294-0D66-482D-974F-2FC0F079976B}.Release|Any CPU.ActiveCfg = Release|Any CPU
		{C7264294-0D66-482D-974F-2FC0F079976B}.Release|Any CPU.Build.0 = Release|Any CPU
		{9E2ACB5D-76EC-4F09-9D62-1934737DB803}.Debug|Any CPU.ActiveCfg = Debug|Any CPU
		{9E2ACB5D-76EC-4F09-9D62-1934737DB803}.Debug|Any CPU.Build.0 = Debug|Any CPU
		{9E2ACB5D-76EC-4F09-9D62-1934737DB803}.Release|Any CPU.ActiveCfg = Release|Any CPU
		{9E2ACB5D-76EC-4F09-9D62-1934737DB803}.Release|Any CPU.Build.0 = Release|Any CPU
		{4272D979-BF6A-4958-B18C-FB260FD46E19}.Debug|Any CPU.ActiveCfg = Debug|Any CPU
		{4272D979-BF6A-4958-B18C-FB260FD46E19}.Debug|Any CPU.Build.0 = Debug|Any CPU
		{4272D979-BF6A-4958-B18C-FB260FD46E19}.Release|Any CPU.ActiveCfg = Release|Any CPU
		{4272D979-BF6A-4958-B18C-FB260FD46E19}.Release|Any CPU.Build.0 = Release|Any CPU
		{27A2C629-6A73-4279-93B8-4C831DFA51A8}.Debug|Any CPU.ActiveCfg = Debug|Any CPU
		{27A2C629-6A73-4279-93B8-4C831DFA51A8}.Debug|Any CPU.Build.0 = Debug|Any CPU
		{27A2C629-6A73-4279-93B8-4C831DFA51A8}.Release|Any CPU.ActiveCfg = Release|Any CPU
		{27A2C629-6A73-4279-93B8-4C831DFA51A8}.Release|Any CPU.Build.0 = Release|Any CPU
		{83F8D151-4B14-4385-A7B6-62E7A6160091}.Debug|Any CPU.ActiveCfg = Debug|Any CPU
		{83F8D151-4B14-4385-A7B6-62E7A6160091}.Debug|Any CPU.Build.0 = Debug|Any CPU
		{83F8D151-4B14-4385-A7B6-62E7A6160091}.Release|Any CPU.ActiveCfg = Release|Any CPU
		{83F8D151-4B14-4385-A7B6-62E7A6160091}.Release|Any CPU.Build.0 = Release|Any CPU
		{3FF5902B-D31E-4F78-AFF4-3A4F346FCD10}.Debug|Any CPU.ActiveCfg = Debug|Any CPU
		{3FF5902B-D31E-4F78-AFF4-3A4F346FCD10}.Debug|Any CPU.Build.0 = Debug|Any CPU
		{3FF5902B-D31E-4F78-AFF4-3A4F346FCD10}.Release|Any CPU.ActiveCfg = Release|Any CPU
		{3FF5902B-D31E-4F78-AFF4-3A4F346FCD10}.Release|Any CPU.Build.0 = Release|Any CPU
	EndGlobalSection
	GlobalSection(NestedProjects) = preSolution
		{78A57662-6980-42AE-81DC-8927A0A93D30} = {C0489172-A161-4A73-8909-4CA9A5C7C502}
		{DC52CC85-3519-423D-ABBC-A0A73B8A6D73} = {C0489172-A161-4A73-8909-4CA9A5C7C502}
		{9E2ACB5D-76EC-4F09-9D62-1934737DB803} = {C0489172-A161-4A73-8909-4CA9A5C7C502}
		{0FA1B06D-8FE2-4CAB-B7EC-61D669B4EA89} = {C0489172-A161-4A73-8909-4CA9A5C7C502}
		{C7264294-0D66-482D-974F-2FC0F079976B} = {C0489172-A161-4A73-8909-4CA9A5C7C502}
		{95B59842-52B4-4336-98FA-013017DD937B} = {2E01EF8E-5662-41CC-9B8B-9625D8A85F38}
		{CFA685B1-081F-49AB-B0EA-5DE765C70D51} = {2E01EF8E-5662-41CC-9B8B-9625D8A85F38}
		{7DF2CEEC-DEE5-4CEB-9A21-452EB09C8724} = {2E01EF8E-5662-41CC-9B8B-9625D8A85F38}
		{BC203CFD-30A0-4092-81C5-4582AAAA4968} = {2E01EF8E-5662-41CC-9B8B-9625D8A85F38}
		{4272D979-BF6A-4958-B18C-FB260FD46E19} = {C0489172-A161-4A73-8909-4CA9A5C7C502}
		{27A2C629-6A73-4279-93B8-4C831DFA51A8} = {2E01EF8E-5662-41CC-9B8B-9625D8A85F38}
		{83F8D151-4B14-4385-A7B6-62E7A6160091} = {C0489172-A161-4A73-8909-4CA9A5C7C502}
		{3FF5902B-D31E-4F78-AFF4-3A4F346FCD10} = {2E01EF8E-5662-41CC-9B8B-9625D8A85F38}
	EndGlobalSection
EndGlobal
